
Microsoft Visual Studio Solution File, Format Version 12.00
# Visual Studio Version 17
VisualStudioVersion = 17.0.31903.59
MinimumVisualStudioVersion = 10.0.40219.1
Project("{2150E333-8FDC-42A3-9474-1A3956D46DE8}") = "task5", "task5", "{4E4D100E-F534-4735-B48D-C55AE08CA4A3}"
EndProject
Project("{2150E333-8FDC-42A3-9474-1A3956D46DE8}") = "backend", "backend", "{7635647A-D608-46B0-B17E-44D59C4DFABF}"
EndProject
Project("{FAE04EC0-301F-11D3-BF4B-00C04F79EFBC}") = "Excel_Backend", "task5\backend\Excel_Backend\Excel_Backend.csproj", "{95EE8AB6-8140-4EC4-A05A-6E8EBB107166}"
EndProject
Global
	GlobalSection(SolutionConfigurationPlatforms) = preSolution
		Debug|Any CPU = Debug|Any CPU
		Release|Any CPU = Release|Any CPU
	EndGlobalSection
	GlobalSection(SolutionProperties) = preSolution
		HideSolutionNode = FALSE
	EndGlobalSection
	GlobalSection(ProjectConfigurationPlatforms) = postSolution
		{95EE8AB6-8140-4EC4-A05A-6E8EBB107166}.Debug|Any CPU.ActiveCfg = Debug|Any CPU
		{95EE8AB6-8140-4EC4-A05A-6E8EBB107166}.Debug|Any CPU.Build.0 = Debug|Any CPU
		{95EE8AB6-8140-4EC4-A05A-6E8EBB107166}.Release|Any CPU.ActiveCfg = Release|Any CPU
		{95EE8AB6-8140-4EC4-A05A-6E8EBB107166}.Release|Any CPU.Build.0 = Release|Any CPU
	EndGlobalSection
	GlobalSection(NestedProjects) = preSolution
		{7635647A-D608-46B0-B17E-44D59C4DFABF} = {4E4D100E-F534-4735-B48D-C55AE08CA4A3}
		{95EE8AB6-8140-4EC4-A05A-6E8EBB107166} = {7635647A-D608-46B0-B17E-44D59C4DFABF}
	EndGlobalSection
EndGlobal
