
Microsoft Visual Studio Solution File, Format Version 12.00
# Visual Studio Version 17
VisualStudioVersion = 17.0.31903.59
MinimumVisualStudioVersion = 10.0.40219.1
Project("{2150E333-8FDC-42A3-9474-1A3956D46DE8}") = "task5", "task5", "{D22F23D1-C364-403D-8D8C-3F690C2F8422}"
EndProject
Project("{2150E333-8FDC-42A3-9474-1A3956D46DE8}") = "backend", "backend", "{84184583-4F93-4283-BEB5-3969E1D3331D}"
EndProject
Project("{2150E333-8FDC-42A3-9474-1A3956D46DE8}") = "Excel_Backend", "Excel_Backend", "{BFB0867A-46A7-4393-8965-1837C3E02CC8}"
EndProject
Project("{FAE04EC0-301F-11D3-BF4B-00C04F79EFBC}") = "tempdb", "task5\backend\Excel_Backend\tempdb\tempdb.csproj", "{6B16AF5A-4A8F-4024-8281-85992DDC917C}"
EndProject
Global
	GlobalSection(SolutionConfigurationPlatforms) = preSolution
		Debug|Any CPU = Debug|Any CPU
		Release|Any CPU = Release|Any CPU
	EndGlobalSection
	GlobalSection(SolutionProperties) = preSolution
		HideSolutionNode = FALSE
	EndGlobalSection
	GlobalSection(ProjectConfigurationPlatforms) = postSolution
		{6B16AF5A-4A8F-4024-8281-85992DDC917C}.Debug|Any CPU.ActiveCfg = Debug|Any CPU
		{6B16AF5A-4A8F-4024-8281-85992DDC917C}.Debug|Any CPU.Build.0 = Debug|Any CPU
		{6B16AF5A-4A8F-4024-8281-85992DDC917C}.Release|Any CPU.ActiveCfg = Release|Any CPU
		{6B16AF5A-4A8F-4024-8281-85992DDC917C}.Release|Any CPU.Build.0 = Release|Any CPU
	EndGlobalSection
	GlobalSection(NestedProjects) = preSolution
		{84184583-4F93-4283-BEB5-3969E1D3331D} = {D22F23D1-C364-403D-8D8C-3F690C2F8422}
		{BFB0867A-46A7-4393-8965-1837C3E02CC8} = {84184583-4F93-4283-BEB5-3969E1D3331D}
		{6B16AF5A-4A8F-4024-8281-85992DDC917C} = {BFB0867A-46A7-4393-8965-1837C3E02CC8}
	EndGlobalSection
EndGlobal
