
Microsoft Visual Studio Solution File, Format Version 12.00
# Visual Studio Version 17
VisualStudioVersion = 17.5.002.0
MinimumVisualStudioVersion = 10.0.40219.1
Project("{9A19103F-16F7-4668-BE54-9A1E7A4F7556}") = "Receiver", "Receiver\Receiver.csproj", "{09CF3557-B507-4CE8-9465-8E961370E150}"
EndProject
Project("{9A19103F-16F7-4668-BE54-9A1E7A4F7556}") = "TempApi", "TempApi\TempApi.csproj", "{7F756A89-B7E2-4F01-B35E-50F4F467DFB8}"
EndProject
Project("{FAE04EC0-301F-11D3-BF4B-00C04F79EFBC}") = "MongoTest", "MongoTest\MongoTest.csproj", "{EE740410-984F-4514-A229-618E2BF9CBC6}"
EndProject
Global
	GlobalSection(SolutionConfigurationPlatforms) = preSolution
		Debug|Any CPU = Debug|Any CPU
		Release|Any CPU = Release|Any CPU
	EndGlobalSection
	GlobalSection(ProjectConfigurationPlatforms) = postSolution
		{09CF3557-B507-4CE8-9465-8E961370E150}.Debug|Any CPU.ActiveCfg = Debug|Any CPU
		{09CF3557-B507-4CE8-9465-8E961370E150}.Debug|Any CPU.Build.0 = Debug|Any CPU
		{09CF3557-B507-4CE8-9465-8E961370E150}.Release|Any CPU.ActiveCfg = Release|Any CPU
		{09CF3557-B507-4CE8-9465-8E961370E150}.Release|Any CPU.Build.0 = Release|Any CPU
		{7F756A89-B7E2-4F01-B35E-50F4F467DFB8}.Debug|Any CPU.ActiveCfg = Debug|Any CPU
		{7F756A89-B7E2-4F01-B35E-50F4F467DFB8}.Debug|Any CPU.Build.0 = Debug|Any CPU
		{7F756A89-B7E2-4F01-B35E-50F4F467DFB8}.Release|Any CPU.ActiveCfg = Release|Any CPU
		{7F756A89-B7E2-4F01-B35E-50F4F467DFB8}.Release|Any CPU.Build.0 = Release|Any CPU
		{EE740410-984F-4514-A229-618E2BF9CBC6}.Debug|Any CPU.ActiveCfg = Debug|Any CPU
		{EE740410-984F-4514-A229-618E2BF9CBC6}.Debug|Any CPU.Build.0 = Debug|Any CPU
		{EE740410-984F-4514-A229-618E2BF9CBC6}.Release|Any CPU.ActiveCfg = Release|Any CPU
		{EE740410-984F-4514-A229-618E2BF9CBC6}.Release|Any CPU.Build.0 = Release|Any CPU
	EndGlobalSection
	GlobalSection(SolutionProperties) = preSolution
		HideSolutionNode = FALSE
	EndGlobalSection
	GlobalSection(ExtensibilityGlobals) = postSolution
		SolutionGuid = {F83E14C2-68A1-49EF-B651-0F0FC3547349}
	EndGlobalSection
EndGlobal
