
Microsoft Visual Studio Solution File, Format Version 12.00
# Visual Studio Version 17
VisualStudioVersion = 17.5.002.0
MinimumVisualStudioVersion = 10.0.40219.1
Project("{9A19103F-16F7-4668-BE54-9A1E7A4F7556}") = "Receiver", "Receiver\Receiver.csproj", "{3FACEBA8-A1C7-469A-A969-085BC73FD764}"
EndProject
Project("{9A19103F-16F7-4668-BE54-9A1E7A4F7556}") = "TempApi", "TempApi\TempApi.csproj", "{318F4B2C-AA99-4ACF-80E2-95F3C6767ABB}"
EndProject
Global
	GlobalSection(SolutionConfigurationPlatforms) = preSolution
		Debug|Any CPU = Debug|Any CPU
		Release|Any CPU = Release|Any CPU
	EndGlobalSection
	GlobalSection(ProjectConfigurationPlatforms) = postSolution
		{3FACEBA8-A1C7-469A-A969-085BC73FD764}.Debug|Any CPU.ActiveCfg = Debug|Any CPU
		{3FACEBA8-A1C7-469A-A969-085BC73FD764}.Debug|Any CPU.Build.0 = Debug|Any CPU
		{3FACEBA8-A1C7-469A-A969-085BC73FD764}.Release|Any CPU.ActiveCfg = Release|Any CPU
		{3FACEBA8-A1C7-469A-A969-085BC73FD764}.Release|Any CPU.Build.0 = Release|Any CPU
		{318F4B2C-AA99-4ACF-80E2-95F3C6767ABB}.Debug|Any CPU.ActiveCfg = Debug|Any CPU
		{318F4B2C-AA99-4ACF-80E2-95F3C6767ABB}.Debug|Any CPU.Build.0 = Debug|Any CPU
		{318F4B2C-AA99-4ACF-80E2-95F3C6767ABB}.Release|Any CPU.ActiveCfg = Release|Any CPU
		{318F4B2C-AA99-4ACF-80E2-95F3C6767ABB}.Release|Any CPU.Build.0 = Release|Any CPU
	EndGlobalSection
	GlobalSection(SolutionProperties) = preSolution
		HideSolutionNode = FALSE
	EndGlobalSection
	GlobalSection(ExtensibilityGlobals) = postSolution
		SolutionGuid = {F83E14C2-68A1-49EF-B651-0F0FC3547349}
	EndGlobalSection
EndGlobal
